
Microsoft Visual Studio Solution File, Format Version 12.00
# Visual Studio 15
VisualStudioVersion = 15.0.28307.902
MinimumVisualStudioVersion = 10.0.40219.1
Project("{8BC9CEB8-8B4A-11D0-8D11-00A0C91BC942}") = "screenshot", "screenshot\screenshot.vcxproj", "{D544DA55-3905-4633-9DD6-DF99EA70A53A}"
EndProject
Global
	GlobalSection(SolutionConfigurationPlatforms) = preSolution
		Debug|x86 = Debug|x86
		Release|x86 = Release|x86
	EndGlobalSection
	GlobalSection(ProjectConfigurationPlatforms) = postSolution
		{D544DA55-3905-4633-9DD6-DF99EA70A53A}.Debug|x86.ActiveCfg = Debug|Win32
		{D544DA55-3905-4633-9DD6-DF99EA70A53A}.Debug|x86.Build.0 = Debug|Win32
		{D544DA55-3905-4633-9DD6-DF99EA70A53A}.Release|x86.ActiveCfg = Release|Win32
		{D544DA55-3905-4633-9DD6-DF99EA70A53A}.Release|x86.Build.0 = Release|Win32
	EndGlobalSection
	GlobalSection(SolutionProperties) = preSolution
		HideSolutionNode = FALSE
	EndGlobalSection
	GlobalSection(ExtensibilityGlobals) = postSolution
		SolutionGuid = {E69B3600-00CA-4099-B171-30EC82ED4E25}
	EndGlobalSection
EndGlobal
