
Microsoft Visual Studio Solution File, Format Version 12.00
# Visual Studio 15
VisualStudioVersion = 15.0.28307.902
MinimumVisualStudioVersion = 10.0.40219.1
Project("{8BC9CEB8-8B4A-11D0-8D11-00A0C91BC942}") = "audiodecoder", "audiodecoder\audiodecoder.vcxproj", "{996B9D04-9BF7-4751-8BD6-BAFF6095C163}"
EndProject
Global
	GlobalSection(SolutionConfigurationPlatforms) = preSolution
		Debug|x86 = Debug|x86
		Release|x86 = Release|x86
	EndGlobalSection
	GlobalSection(ProjectConfigurationPlatforms) = postSolution
		{996B9D04-9BF7-4751-8BD6-BAFF6095C163}.Debug|x86.ActiveCfg = Debug|Win32
		{996B9D04-9BF7-4751-8BD6-BAFF6095C163}.Debug|x86.Build.0 = Debug|Win32
		{996B9D04-9BF7-4751-8BD6-BAFF6095C163}.Release|x86.ActiveCfg = Release|Win32
		{996B9D04-9BF7-4751-8BD6-BAFF6095C163}.Release|x86.Build.0 = Release|Win32
	EndGlobalSection
	GlobalSection(SolutionProperties) = preSolution
		HideSolutionNode = FALSE
	EndGlobalSection
	GlobalSection(ExtensibilityGlobals) = postSolution
		SolutionGuid = {886984CA-E0AF-4CFA-AE3A-D6F47633C640}
	EndGlobalSection
EndGlobal
